{
  "pins" : [
    {
      "identity" : "chalk",
      "kind" : "remoteSourceControl",
      "location" : "https://github.com/mxcl/Chalk.git",
      "state" : {
        "revision" : "a7f58e47a08ca5a84f73acc4bcf6c2c19d990609",
        "version" : "0.5.0"
      }
    },
    {
      "identity" : "swift-argument-parser",
      "kind" : "remoteSourceControl",
      "location" : "https://github.com/apple/swift-argument-parser.git",
      "state" : {
        "revision" : "fee6933f37fde9a5e12a1e4aeaa93fe60116ff2a",
        "version" : "1.2.2"
      }
    }
  ],
  "version" : 2
}
