// !$*UTF8*$!
{
	archiveVersion = 1;
	classes = {
	};
	objectVersion = 56;
	objects = {

/* Begin PBXBuildFile section */
		193B1C22299D379C00FEEFA0 /* main.swift in Sources */ = {isa = PBXBuildFile; fileRef = 193B1C21299D379C00FEEFA0 /* main.swift */; };
		193B1C2A299D38E400FEEFA0 /* ArgumentParser in Frameworks */ = {isa = PBXBuildFile; productRef = 193B1C29299D38E400FEEFA0 /* ArgumentParser */; };
		193B1C2D299D394C00FEEFA0 /* Item.swift in Sources */ = {isa = PBXBuildFile; fileRef = 193B1C2C299D394C00FEEFA0 /* Item.swift */; };
		193B1C31299D626800FEEFA0 /* Add.swift in Sources */ = {isa = PBXBuildFile; fileRef = 193B1C30299D626800FEEFA0 /* Add.swift */; };
		193B1C33299D627A00FEEFA0 /* List.swift in Sources */ = {isa = PBXBuildFile; fileRef = 193B1C32299D627A00FEEFA0 /* List.swift */; };
		193B1C35299D641700FEEFA0 /* DataSource.swift in Sources */ = {isa = PBXBuildFile; fileRef = 193B1C34299D641700FEEFA0 /* DataSource.swift */; };
/* End PBXBuildFile section */

/* Begin PBXCopyFilesBuildPhase section */
		193B1C1C299D379C00FEEFA0 /* CopyFiles */ = {
			isa = PBXCopyFilesBuildPhase;
			buildActionMask = 2147483647;
			dstPath = /usr/share/man/man1/;
			dstSubfolderSpec = 0;
			files = (
			);
			runOnlyForDeploymentPostprocessing = 1;
		};
/* End PBXCopyFilesBuildPhase section */

/* Begin PBXFileReference section */
		193B1C1E299D379C00FEEFA0 /* bookmarks */ = {isa = PBXFileReference; explicitFileType = "compiled.mach-o.executable"; includeInIndex = 0; path = bookmarks; sourceTree = BUILT_PRODUCTS_DIR; };
		193B1C21299D379C00FEEFA0 /* main.swift */ = {isa = PBXFileReference; lastKnownFileType = sourcecode.swift; path = main.swift; sourceTree = "<group>"; };
		193B1C2C299D394C00FEEFA0 /* Item.swift */ = {isa = PBXFileReference; lastKnownFileType = sourcecode.swift; path = Item.swift; sourceTree = "<group>"; };
		193B1C30299D626800FEEFA0 /* Add.swift */ = {isa = PBXFileReference; lastKnownFileType = sourcecode.swift; path = Add.swift; sourceTree = "<group>"; };
		193B1C32299D627A00FEEFA0 /* List.swift */ = {isa = PBXFileReference; lastKnownFileType = sourcecode.swift; path = List.swift; sourceTree = "<group>"; };
		193B1C34299D641700FEEFA0 /* DataSource.swift */ = {isa = PBXFileReference; lastKnownFileType = sourcecode.swift; path = DataSource.swift; sourceTree = "<group>"; };
/* End PBXFileReference section */

/* Begin PBXFrameworksBuildPhase section */
		193B1C1B299D379C00FEEFA0 /* Frameworks */ = {
			isa = PBXFrameworksBuildPhase;
			buildActionMask = 2147483647;
			files = (
				193B1C2A299D38E400FEEFA0 /* ArgumentParser in Frameworks */,
			);
			runOnlyForDeploymentPostprocessing = 0;
		};
/* End PBXFrameworksBuildPhase section */

/* Begin PBXGroup section */
		193B1C15299D379C00FEEFA0 = {
			isa = PBXGroup;
			children = (
				193B1C20299D379C00FEEFA0 /* bookmarks */,
				193B1C1F299D379C00FEEFA0 /* Products */,
			);
			sourceTree = "<group>";
		};
		193B1C1F299D379C00FEEFA0 /* Products */ = {
			isa = PBXGroup;
			children = (
				193B1C1E299D379C00FEEFA0 /* bookmarks */,
			);
			name = Products;
			sourceTree = "<group>";
		};
		193B1C20299D379C00FEEFA0 /* bookmarks */ = {
			isa = PBXGroup;
			children = (
				193B1C2F299D624000FEEFA0 /* Subcommands */,
				193B1C2B299D393100FEEFA0 /* Classes */,
				193B1C21299D379C00FEEFA0 /* main.swift */,
			);
			path = bookmarks;
			sourceTree = "<group>";
		};
		193B1C2B299D393100FEEFA0 /* Classes */ = {
			isa = PBXGroup;
			children = (
				193B1C2C299D394C00FEEFA0 /* Item.swift */,
				193B1C34299D641700FEEFA0 /* DataSource.swift */,
			);
			path = Classes;
			sourceTree = "<group>";
		};
		193B1C2F299D624000FEEFA0 /* Subcommands */ = {
			isa = PBXGroup;
			children = (
				193B1C30299D626800FEEFA0 /* Add.swift */,
				193B1C32299D627A00FEEFA0 /* List.swift */,
			);
			path = Subcommands;
			sourceTree = "<group>";
		};
/* End PBXGroup section */

/* Begin PBXNativeTarget section */
		193B1C1D299D379C00FEEFA0 /* bookmarks */ = {
			isa = PBXNativeTarget;
			buildConfigurationList = 193B1C25299D379C00FEEFA0 /* Build configuration list for PBXNativeTarget "bookmarks" */;
			buildPhases = (
				193B1C1A299D379C00FEEFA0 /* Sources */,
				193B1C1B299D379C00FEEFA0 /* Frameworks */,
				193B1C1C299D379C00FEEFA0 /* CopyFiles */,
				193B1C2E299D3A3700FEEFA0 /* ShellScript */,
			);
			buildRules = (
			);
			dependencies = (
			);
			name = bookmarks;
			packageProductDependencies = (
				193B1C29299D38E400FEEFA0 /* ArgumentParser */,
			);
			productName = bookmarks;
			productReference = 193B1C1E299D379C00FEEFA0 /* bookmarks */;
			productType = "com.apple.product-type.tool";
		};
/* End PBXNativeTarget section */

/* Begin PBXProject section */
		193B1C16299D379C00FEEFA0 /* Project object */ = {
			isa = PBXProject;
			attributes = {
				BuildIndependentTargetsInParallel = 1;
				LastSwiftUpdateCheck = 1400;
				LastUpgradeCheck = 1400;
				TargetAttributes = {
					193B1C1D299D379C00FEEFA0 = {
						CreatedOnToolsVersion = 14.0;
					};
				};
			};
			buildConfigurationList = 193B1C19299D379C00FEEFA0 /* Build configuration list for PBXProject "bookmarks" */;
			compatibilityVersion = "Xcode 14.0";
			developmentRegion = en;
			hasScannedForEncodings = 0;
			knownRegions = (
				en,
				Base,
			);
			mainGroup = 193B1C15299D379C00FEEFA0;
			packageReferences = (
				193B1C28299D38E400FEEFA0 /* XCRemoteSwiftPackageReference "swift-argument-parser" */,
			);
			productRefGroup = 193B1C1F299D379C00FEEFA0 /* Products */;
			projectDirPath = "";
			projectRoot = "";
			targets = (
				193B1C1D299D379C00FEEFA0 /* bookmarks */,
			);
		};
/* End PBXProject section */

/* Begin PBXShellScriptBuildPhase section */
		193B1C2E299D3A3700FEEFA0 /* ShellScript */ = {
			isa = PBXShellScriptBuildPhase;
			alwaysOutOfDate = 1;
			buildActionMask = 2147483647;
			files = (
			);
			inputFileListPaths = (
			);
			inputPaths = (
			);
			outputFileListPaths = (
			);
			outputPaths = (
			);
			runOnlyForDeploymentPostprocessing = 0;
			shellPath = /bin/sh;
			shellScript = "/usr/local/bin/swiftlint\n";
		};
/* End PBXShellScriptBuildPhase section */

/* Begin PBXSourcesBuildPhase section */
		193B1C1A299D379C00FEEFA0 /* Sources */ = {
			isa = PBXSourcesBuildPhase;
			buildActionMask = 2147483647;
			files = (
				193B1C31299D626800FEEFA0 /* Add.swift in Sources */,
				193B1C33299D627A00FEEFA0 /* List.swift in Sources */,
				193B1C2D299D394C00FEEFA0 /* Item.swift in Sources */,
				193B1C35299D641700FEEFA0 /* DataSource.swift in Sources */,
				193B1C22299D379C00FEEFA0 /* main.swift in Sources */,
			);
			runOnlyForDeploymentPostprocessing = 0;
		};
/* End PBXSourcesBuildPhase section */

/* Begin XCBuildConfiguration section */
		193B1C23299D379C00FEEFA0 /* Debug */ = {
			isa = XCBuildConfiguration;
			buildSettings = {
				ALWAYS_SEARCH_USER_PATHS = NO;
				CLANG_ANALYZER_NONNULL = YES;
				CLANG_ANALYZER_NUMBER_OBJECT_CONVERSION = YES_AGGRESSIVE;
				CLANG_CXX_LANGUAGE_STANDARD = "gnu++20";
				CLANG_ENABLE_MODULES = YES;
				CLANG_ENABLE_OBJC_ARC = YES;
				CLANG_ENABLE_OBJC_WEAK = YES;
				CLANG_WARN_BLOCK_CAPTURE_AUTORELEASING = YES;
				CLANG_WARN_BOOL_CONVERSION = YES;
				CLANG_WARN_COMMA = YES;
				CLANG_WARN_CONSTANT_CONVERSION = YES;
				CLANG_WARN_DEPRECATED_OBJC_IMPLEMENTATIONS = YES;
				CLANG_WARN_DIRECT_OBJC_ISA_USAGE = YES_ERROR;
				CLANG_WARN_DOCUMENTATION_COMMENTS = YES;
				CLANG_WARN_EMPTY_BODY = YES;
				CLANG_WARN_ENUM_CONVERSION = YES;
				CLANG_WARN_INFINITE_RECURSION = YES;
				CLANG_WARN_INT_CONVERSION = YES;
				CLANG_WARN_NON_LITERAL_NULL_CONVERSION = YES;
				CLANG_WARN_OBJC_IMPLICIT_RETAIN_SELF = YES;
				CLANG_WARN_OBJC_LITERAL_CONVERSION = YES;
				CLANG_WARN_OBJC_ROOT_CLASS = YES_ERROR;
				CLANG_WARN_QUOTED_INCLUDE_IN_FRAMEWORK_HEADER = YES;
				CLANG_WARN_RANGE_LOOP_ANALYSIS = YES;
				CLANG_WARN_STRICT_PROTOTYPES = YES;
				CLANG_WARN_SUSPICIOUS_MOVE = YES;
				CLANG_WARN_UNGUARDED_AVAILABILITY = YES_AGGRESSIVE;
				CLANG_WARN_UNREACHABLE_CODE = YES;
				CLANG_WARN__DUPLICATE_METHOD_MATCH = YES;
				COPY_PHASE_STRIP = NO;
				DEBUG_INFORMATION_FORMAT = dwarf;
				ENABLE_STRICT_OBJC_MSGSEND = YES;
				ENABLE_TESTABILITY = YES;
				GCC_C_LANGUAGE_STANDARD = gnu11;
				GCC_DYNAMIC_NO_PIC = NO;
				GCC_NO_COMMON_BLOCKS = YES;
				GCC_OPTIMIZATION_LEVEL = 0;
				GCC_PREPROCESSOR_DEFINITIONS = (
					"DEBUG=1",
					"$(inherited)",
				);
				GCC_WARN_64_TO_32_BIT_CONVERSION = YES;
				GCC_WARN_ABOUT_RETURN_TYPE = YES_ERROR;
				GCC_WARN_UNDECLARED_SELECTOR = YES;
				GCC_WARN_UNINITIALIZED_AUTOS = YES_AGGRESSIVE;
				GCC_WARN_UNUSED_FUNCTION = YES;
				GCC_WARN_UNUSED_VARIABLE = YES;
				MACOSX_DEPLOYMENT_TARGET = 12.3;
				MTL_ENABLE_DEBUG_INFO = INCLUDE_SOURCE;
				MTL_FAST_MATH = YES;
				ONLY_ACTIVE_ARCH = YES;
				SDKROOT = macosx;
				SWIFT_ACTIVE_COMPILATION_CONDITIONS = DEBUG;
				SWIFT_OPTIMIZATION_LEVEL = "-Onone";
			};
			name = Debug;
		};
		193B1C24299D379C00FEEFA0 /* Release */ = {
			isa = XCBuildConfiguration;
			buildSettings = {
				ALWAYS_SEARCH_USER_PATHS = NO;
				CLANG_ANALYZER_NONNULL = YES;
				CLANG_ANALYZER_NUMBER_OBJECT_CONVERSION = YES_AGGRESSIVE;
				CLANG_CXX_LANGUAGE_STANDARD = "gnu++20";
				CLANG_ENABLE_MODULES = YES;
				CLANG_ENABLE_OBJC_ARC = YES;
				CLANG_ENABLE_OBJC_WEAK = YES;
				CLANG_WARN_BLOCK_CAPTURE_AUTORELEASING = YES;
				CLANG_WARN_BOOL_CONVERSION = YES;
				CLANG_WARN_COMMA = YES;
				CLANG_WARN_CONSTANT_CONVERSION = YES;
				CLANG_WARN_DEPRECATED_OBJC_IMPLEMENTATIONS = YES;
				CLANG_WARN_DIRECT_OBJC_ISA_USAGE = YES_ERROR;
				CLANG_WARN_DOCUMENTATION_COMMENTS = YES;
				CLANG_WARN_EMPTY_BODY = YES;
				CLANG_WARN_ENUM_CONVERSION = YES;
				CLANG_WARN_INFINITE_RECURSION = YES;
				CLANG_WARN_INT_CONVERSION = YES;
				CLANG_WARN_NON_LITERAL_NULL_CONVERSION = YES;
				CLANG_WARN_OBJC_IMPLICIT_RETAIN_SELF = YES;
				CLANG_WARN_OBJC_LITERAL_CONVERSION = YES;
				CLANG_WARN_OBJC_ROOT_CLASS = YES_ERROR;
				CLANG_WARN_QUOTED_INCLUDE_IN_FRAMEWORK_HEADER = YES;
				CLANG_WARN_RANGE_LOOP_ANALYSIS = YES;
				CLANG_WARN_STRICT_PROTOTYPES = YES;
				CLANG_WARN_SUSPICIOUS_MOVE = YES;
				CLANG_WARN_UNGUARDED_AVAILABILITY = YES_AGGRESSIVE;
				CLANG_WARN_UNREACHABLE_CODE = YES;
				CLANG_WARN__DUPLICATE_METHOD_MATCH = YES;
				COPY_PHASE_STRIP = NO;
				DEBUG_INFORMATION_FORMAT = "dwarf-with-dsym";
				ENABLE_NS_ASSERTIONS = NO;
				ENABLE_STRICT_OBJC_MSGSEND = YES;
				GCC_C_LANGUAGE_STANDARD = gnu11;
				GCC_NO_COMMON_BLOCKS = YES;
				GCC_WARN_64_TO_32_BIT_CONVERSION = YES;
				GCC_WARN_ABOUT_RETURN_TYPE = YES_ERROR;
				GCC_WARN_UNDECLARED_SELECTOR = YES;
				GCC_WARN_UNINITIALIZED_AUTOS = YES_AGGRESSIVE;
				GCC_WARN_UNUSED_FUNCTION = YES;
				GCC_WARN_UNUSED_VARIABLE = YES;
				MACOSX_DEPLOYMENT_TARGET = 12.3;
				MTL_ENABLE_DEBUG_INFO = NO;
				MTL_FAST_MATH = YES;
				SDKROOT = macosx;
				SWIFT_COMPILATION_MODE = wholemodule;
				SWIFT_OPTIMIZATION_LEVEL = "-O";
			};
			name = Release;
		};
		193B1C26299D379C00FEEFA0 /* Debug */ = {
			isa = XCBuildConfiguration;
			buildSettings = {
				CODE_SIGN_STYLE = Automatic;
				DEVELOPMENT_TEAM = 9TVGLBSJNB;
				ENABLE_HARDENED_RUNTIME = YES;
				PRODUCT_NAME = "$(TARGET_NAME)";
				SWIFT_VERSION = 5.0;
			};
			name = Debug;
		};
		193B1C27299D379C00FEEFA0 /* Release */ = {
			isa = XCBuildConfiguration;
			buildSettings = {
				CODE_SIGN_STYLE = Automatic;
				DEVELOPMENT_TEAM = 9TVGLBSJNB;
				ENABLE_HARDENED_RUNTIME = YES;
				PRODUCT_NAME = "$(TARGET_NAME)";
				SWIFT_VERSION = 5.0;
			};
			name = Release;
		};
/* End XCBuildConfiguration section */

/* Begin XCConfigurationList section */
		193B1C19299D379C00FEEFA0 /* Build configuration list for PBXProject "bookmarks" */ = {
			isa = XCConfigurationList;
			buildConfigurations = (
				193B1C23299D379C00FEEFA0 /* Debug */,
				193B1C24299D379C00FEEFA0 /* Release */,
			);
			defaultConfigurationIsVisible = 0;
			defaultConfigurationName = Release;
		};
		193B1C25299D379C00FEEFA0 /* Build configuration list for PBXNativeTarget "bookmarks" */ = {
			isa = XCConfigurationList;
			buildConfigurations = (
				193B1C26299D379C00FEEFA0 /* Debug */,
				193B1C27299D379C00FEEFA0 /* Release */,
			);
			defaultConfigurationIsVisible = 0;
			defaultConfigurationName = Release;
		};
/* End XCConfigurationList section */

/* Begin XCRemoteSwiftPackageReference section */
		193B1C28299D38E400FEEFA0 /* XCRemoteSwiftPackageReference "swift-argument-parser" */ = {
			isa = XCRemoteSwiftPackageReference;
			repositoryURL = "https://github.com/apple/swift-argument-parser.git";
			requirement = {
				kind = upToNextMajorVersion;
				minimumVersion = 1.0.0;
			};
		};
/* End XCRemoteSwiftPackageReference section */

/* Begin XCSwiftPackageProductDependency section */
		193B1C29299D38E400FEEFA0 /* ArgumentParser */ = {
			isa = XCSwiftPackageProductDependency;
			package = 193B1C28299D38E400FEEFA0 /* XCRemoteSwiftPackageReference "swift-argument-parser" */;
			productName = ArgumentParser;
		};
/* End XCSwiftPackageProductDependency section */
	};
	rootObject = 193B1C16299D379C00FEEFA0 /* Project object */;
}
